// !$*UTF8*$!
{
	archiveVersion = 1;
	classes = {
	};
	objectVersion = 46;
	objects = {

/* Begin PBXBuildFile section */
		A32F5A4919BF0A060029BEC5 /* FBTweakInlineTestsARC.m in Sources */ = {isa = PBXBuildFile; fileRef = A32F5A4519BF0A060029BEC5 /* FBTweakInlineTestsARC.m */; };
		A32F5A4C19BF0A820029BEC5 /* libPods.a in Frameworks */ = {isa = PBXBuildFile; fileRef = EFF468547EF04A0387527B5C /* libPods.a */; };
		A3767DC319BF05EA00ABAB8C /* Foundation.framework in Frameworks */ = {isa = PBXBuildFile; fileRef = A3767DC219BF05EA00ABAB8C /* Foundation.framework */; };
		A3767DC519BF05EA00ABAB8C /* CoreGraphics.framework in Frameworks */ = {isa = PBXBuildFile; fileRef = A3767DC419BF05EA00ABAB8C /* CoreGraphics.framework */; };
		A3767DC719BF05EA00ABAB8C /* UIKit.framework in Frameworks */ = {isa = PBXBuildFile; fileRef = A3767DC619BF05EA00ABAB8C /* UIKit.framework */; };
		A3767DCD19BF05EA00ABAB8C /* InfoPlist.strings in Resources */ = {isa = PBXBuildFile; fileRef = A3767DCB19BF05EA00ABAB8C /* InfoPlist.strings */; };
		A3767DCF19BF05EA00ABAB8C /* main.m in Sources */ = {isa = PBXBuildFile; fileRef = A3767DCE19BF05EA00ABAB8C /* main.m */; };
		A3767DD319BF05EA00ABAB8C /* FBAppDelegate.m in Sources */ = {isa = PBXBuildFile; fileRef = A3767DD219BF05EA00ABAB8C /* FBAppDelegate.m */; };
		A3767DD519BF05EA00ABAB8C /* Images.xcassets in Resources */ = {isa = PBXBuildFile; fileRef = A3767DD419BF05EA00ABAB8C /* Images.xcassets */; };
		A3767DDC19BF05EA00ABAB8C /* XCTest.framework in Frameworks */ = {isa = PBXBuildFile; fileRef = A3767DDB19BF05EA00ABAB8C /* XCTest.framework */; };
		A3767DDD19BF05EA00ABAB8C /* Foundation.framework in Frameworks */ = {isa = PBXBuildFile; fileRef = A3767DC219BF05EA00ABAB8C /* Foundation.framework */; };
		A3767DDE19BF05EA00ABAB8C /* UIKit.framework in Frameworks */ = {isa = PBXBuildFile; fileRef = A3767DC619BF05EA00ABAB8C /* UIKit.framework */; };
		A3767DE619BF05EA00ABAB8C /* InfoPlist.strings in Resources */ = {isa = PBXBuildFile; fileRef = A3767DE419BF05EA00ABAB8C /* InfoPlist.strings */; };
		A3767DE819BF05EA00ABAB8C /* TweaksDemoTests.m in Sources */ = {isa = PBXBuildFile; fileRef = A3767DE719BF05EA00ABAB8C /* TweaksDemoTests.m */; };
		A3767DF319BF073600ABAB8C /* FBTweakDemoController.m in Sources */ = {isa = PBXBuildFile; fileRef = A3767DF219BF073600ABAB8C /* FBTweakDemoController.m */; };
		DE3E70191A2349EA8BC2CFA9 /* libPods.a in Frameworks */ = {isa = PBXBuildFile; fileRef = EFF468547EF04A0387527B5C /* libPods.a */; };
/* End PBXBuildFile section */

/* Begin PBXContainerItemProxy section */
		A3767DDF19BF05EA00ABAB8C /* PBXContainerItemProxy */ = {
			isa = PBXContainerItemProxy;
			containerPortal = A3767DB719BF05EA00ABAB8C /* Project object */;
			proxyType = 1;
			remoteGlobalIDString = A3767DBE19BF05EA00ABAB8C;
			remoteInfo = TweaksDemo;
		};
/* End PBXContainerItemProxy section */

/* Begin PBXFileReference section */
		A32F5A4519BF0A060029BEC5 /* FBTweakInlineTestsARC.m */ = {isa = PBXFileReference; fileEncoding = 4; lastKnownFileType = sourcecode.c.objc; path = FBTweakInlineTestsARC.m; sourceTree = "<group>"; };
		A3767DBF19BF05EA00ABAB8C /* TweaksDemo.app */ = {isa = PBXFileReference; explicitFileType = wrapper.application; includeInIndex = 0; path = TweaksDemo.app; sourceTree = BUILT_PRODUCTS_DIR; };
		A3767DC219BF05EA00ABAB8C /* Foundation.framework */ = {isa = PBXFileReference; lastKnownFileType = wrapper.framework; name = Foundation.framework; path = System/Library/Frameworks/Foundation.framework; sourceTree = SDKROOT; };
		A3767DC419BF05EA00ABAB8C /* CoreGraphics.framework */ = {isa = PBXFileReference; lastKnownFileType = wrapper.framework; name = CoreGraphics.framework; path = System/Library/Frameworks/CoreGraphics.framework; sourceTree = SDKROOT; };
		A3767DC619BF05EA00ABAB8C /* UIKit.framework */ = {isa = PBXFileReference; lastKnownFileType = wrapper.framework; name = UIKit.framework; path = System/Library/Frameworks/UIKit.framework; sourceTree = SDKROOT; };
		A3767DCA19BF05EA00ABAB8C /* TweaksDemo-Info.plist */ = {isa = PBXFileReference; lastKnownFileType = text.plist.xml; path = "TweaksDemo-Info.plist"; sourceTree = "<group>"; };
		A3767DCC19BF05EA00ABAB8C /* en */ = {isa = PBXFileReference; lastKnownFileType = text.plist.strings; name = en; path = en.lproj/InfoPlist.strings; sourceTree = "<group>"; };
		A3767DCE19BF05EA00ABAB8C /* main.m */ = {isa = PBXFileReference; lastKnownFileType = sourcecode.c.objc; path = main.m; sourceTree = "<group>"; };
		A3767DD019BF05EA00ABAB8C /* TweaksDemo-Prefix.pch */ = {isa = PBXFileReference; lastKnownFileType = sourcecode.c.h; path = "TweaksDemo-Prefix.pch"; sourceTree = "<group>"; };
		A3767DD119BF05EA00ABAB8C /* FBAppDelegate.h */ = {isa = PBXFileReference; lastKnownFileType = sourcecode.c.h; path = FBAppDelegate.h; sourceTree = "<group>"; };
		A3767DD219BF05EA00ABAB8C /* FBAppDelegate.m */ = {isa = PBXFileReference; lastKnownFileType = sourcecode.c.objc; path = FBAppDelegate.m; sourceTree = "<group>"; };
		A3767DD419BF05EA00ABAB8C /* Images.xcassets */ = {isa = PBXFileReference; lastKnownFileType = folder.assetcatalog; path = Images.xcassets; sourceTree = "<group>"; };
		A3767DDA19BF05EA00ABAB8C /* TweaksDemoTests.xctest */ = {isa = PBXFileReference; explicitFileType = wrapper.cfbundle; includeInIndex = 0; path = TweaksDemoTests.xctest; sourceTree = BUILT_PRODUCTS_DIR; };
		A3767DDB19BF05EA00ABAB8C /* XCTest.framework */ = {isa = PBXFileReference; lastKnownFileType = wrapper.framework; name = XCTest.framework; path = Library/Frameworks/XCTest.framework; sourceTree = DEVELOPER_DIR; };
		A3767DE319BF05EA00ABAB8C /* TweaksDemoTests-Info.plist */ = {isa = PBXFileReference; lastKnownFileType = text.plist.xml; path = "TweaksDemoTests-Info.plist"; sourceTree = "<group>"; };
		A3767DE519BF05EA00ABAB8C /* en */ = {isa = PBXFileReference; lastKnownFileType = text.plist.strings; name = en; path = en.lproj/InfoPlist.strings; sourceTree = "<group>"; };
		A3767DE719BF05EA00ABAB8C /* TweaksDemoTests.m */ = {isa = PBXFileReference; lastKnownFileType = sourcecode.c.objc; path = TweaksDemoTests.m; sourceTree = "<group>"; };
		A3767DF119BF073600ABAB8C /* FBTweakDemoController.h */ = {isa = PBXFileReference; fileEncoding = 4; lastKnownFileType = sourcecode.c.h; path = FBTweakDemoController.h; sourceTree = "<group>"; };
		A3767DF219BF073600ABAB8C /* FBTweakDemoController.m */ = {isa = PBXFileReference; fileEncoding = 4; lastKnownFileType = sourcecode.c.objc; path = FBTweakDemoController.m; sourceTree = "<group>"; };
		DA57C115E9C74D989FDE876D /* Pods.xcconfig */ = {isa = PBXFileReference; includeInIndex = 1; lastKnownFileType = text.xcconfig; name = Pods.xcconfig; path = Pods/Pods.xcconfig; sourceTree = "<group>"; };
		EFF468547EF04A0387527B5C /* libPods.a */ = {isa = PBXFileReference; explicitFileType = archive.ar; includeInIndex = 0; path = libPods.a; sourceTree = BUILT_PRODUCTS_DIR; };
/* End PBXFileReference section */

/* Begin PBXFrameworksBuildPhase section */
		A3767DBC19BF05EA00ABAB8C /* Frameworks */ = {
			isa = PBXFrameworksBuildPhase;
			buildActionMask = 2147483647;
			files = (
				A3767DC519BF05EA00ABAB8C /* CoreGraphics.framework in Frameworks */,
				A3767DC719BF05EA00ABAB8C /* UIKit.framework in Frameworks */,
				A3767DC319BF05EA00ABAB8C /* Foundation.framework in Frameworks */,
				DE3E70191A2349EA8BC2CFA9 /* libPods.a in Frameworks */,
			);
			runOnlyForDeploymentPostprocessing = 0;
		};
		A3767DD719BF05EA00ABAB8C /* Frameworks */ = {
			isa = PBXFrameworksBuildPhase;
			buildActionMask = 2147483647;
			files = (
				A3767DDC19BF05EA00ABAB8C /* XCTest.framework in Frameworks */,
				A32F5A4C19BF0A820029BEC5 /* libPods.a in Frameworks */,
				A3767DDE19BF05EA00ABAB8C /* UIKit.framework in Frameworks */,
				A3767DDD19BF05EA00ABAB8C /* Foundation.framework in Frameworks */,
			);
			runOnlyForDeploymentPostprocessing = 0;
		};
/* End PBXFrameworksBuildPhase section */

/* Begin PBXGroup section */
		A32F5A4219BF0A060029BEC5 /* Tests */ = {
			isa = PBXGroup;
			children = (
				A32F5A4519BF0A060029BEC5 /* FBTweakInlineTestsARC.m */,
			);
			name = Tests;
			path = ../Tests;
			sourceTree = "<group>";
		};
		A3767DB619BF05EA00ABAB8C = {
			isa = PBXGroup;
			children = (
				A32F5A4219BF0A060029BEC5 /* Tests */,
				A3767DC819BF05EA00ABAB8C /* TweaksDemo */,
				A3767DE119BF05EA00ABAB8C /* TweaksDemoTests */,
				A3767DC119BF05EA00ABAB8C /* Frameworks */,
				A3767DC019BF05EA00ABAB8C /* Products */,
				DA57C115E9C74D989FDE876D /* Pods.xcconfig */,
			);
			sourceTree = "<group>";
		};
		A3767DC019BF05EA00ABAB8C /* Products */ = {
			isa = PBXGroup;
			children = (
				A3767DBF19BF05EA00ABAB8C /* TweaksDemo.app */,
				A3767DDA19BF05EA00ABAB8C /* TweaksDemoTests.xctest */,
			);
			name = Products;
			sourceTree = "<group>";
		};
		A3767DC119BF05EA00ABAB8C /* Frameworks */ = {
			isa = PBXGroup;
			children = (
				A3767DC219BF05EA00ABAB8C /* Foundation.framework */,
				A3767DC419BF05EA00ABAB8C /* CoreGraphics.framework */,
				A3767DC619BF05EA00ABAB8C /* UIKit.framework */,
				A3767DDB19BF05EA00ABAB8C /* XCTest.framework */,
				EFF468547EF04A0387527B5C /* libPods.a */,
			);
			name = Frameworks;
			sourceTree = "<group>";
		};
		A3767DC819BF05EA00ABAB8C /* TweaksDemo */ = {
			isa = PBXGroup;
			children = (
				A3767DD119BF05EA00ABAB8C /* FBAppDelegate.h */,
				A3767DD219BF05EA00ABAB8C /* FBAppDelegate.m */,
				A3767DF119BF073600ABAB8C /* FBTweakDemoController.h */,
				A3767DF219BF073600ABAB8C /* FBTweakDemoController.m */,
				A3767DD419BF05EA00ABAB8C /* Images.xcassets */,
				A3767DC919BF05EA00ABAB8C /* Supporting Files */,
			);
			path = TweaksDemo;
			sourceTree = "<group>";
		};
		A3767DC919BF05EA00ABAB8C /* Supporting Files */ = {
			isa = PBXGroup;
			children = (
				A3767DCA19BF05EA00ABAB8C /* TweaksDemo-Info.plist */,
				A3767DCB19BF05EA00ABAB8C /* InfoPlist.strings */,
				A3767DCE19BF05EA00ABAB8C /* main.m */,
				A3767DD019BF05EA00ABAB8C /* TweaksDemo-Prefix.pch */,
			);
			name = "Supporting Files";
			sourceTree = "<group>";
		};
		A3767DE119BF05EA00ABAB8C /* TweaksDemoTests */ = {
			isa = PBXGroup;
			children = (
				A3767DE719BF05EA00ABAB8C /* TweaksDemoTests.m */,
				A3767DE219BF05EA00ABAB8C /* Supporting Files */,
			);
			path = TweaksDemoTests;
			sourceTree = "<group>";
		};
		A3767DE219BF05EA00ABAB8C /* Supporting Files */ = {
			isa = PBXGroup;
			children = (
				A3767DE319BF05EA00ABAB8C /* TweaksDemoTests-Info.plist */,
				A3767DE419BF05EA00ABAB8C /* InfoPlist.strings */,
			);
			name = "Supporting Files";
			sourceTree = "<group>";
		};
/* End PBXGroup section */

/* Begin PBXNativeTarget section */
		A3767DBE19BF05EA00ABAB8C /* TweaksDemo */ = {
			isa = PBXNativeTarget;
			buildConfigurationList = A3767DEB19BF05EA00ABAB8C /* Build configuration list for PBXNativeTarget "TweaksDemo" */;
			buildPhases = (
				377458F853414BD8A7DDE968 /* Check Pods Manifest.lock */,
				A3767DBB19BF05EA00ABAB8C /* Sources */,
				A3767DBC19BF05EA00ABAB8C /* Frameworks */,
				A3767DBD19BF05EA00ABAB8C /* Resources */,
				724C7B96F2DB4E9AA3D22553 /* Copy Pods Resources */,
			);
			buildRules = (
			);
			dependencies = (
			);
			name = TweaksDemo;
			productName = TweaksDemo;
			productReference = A3767DBF19BF05EA00ABAB8C /* TweaksDemo.app */;
			productType = "com.apple.product-type.application";
		};
		A3767DD919BF05EA00ABAB8C /* TweaksDemoTests */ = {
			isa = PBXNativeTarget;
			buildConfigurationList = A3767DEE19BF05EA00ABAB8C /* Build configuration list for PBXNativeTarget "TweaksDemoTests" */;
			buildPhases = (
				A3767DD619BF05EA00ABAB8C /* Sources */,
				A3767DD719BF05EA00ABAB8C /* Frameworks */,
				A3767DD819BF05EA00ABAB8C /* Resources */,
			);
			buildRules = (
			);
			dependencies = (
				A3767DE019BF05EA00ABAB8C /* PBXTargetDependency */,
			);
			name = TweaksDemoTests;
			productName = TweaksDemoTests;
			productReference = A3767DDA19BF05EA00ABAB8C /* TweaksDemoTests.xctest */;
			productType = "com.apple.product-type.bundle.unit-test";
		};
/* End PBXNativeTarget section */

/* Begin PBXProject section */
		A3767DB719BF05EA00ABAB8C /* Project object */ = {
			isa = PBXProject;
			attributes = {
				CLASSPREFIX = FB;
				LastUpgradeCheck = 0510;
				ORGANIZATIONNAME = Facebook;
				TargetAttributes = {
					A3767DD919BF05EA00ABAB8C = {
						TestTargetID = A3767DBE19BF05EA00ABAB8C;
					};
				};
			};
			buildConfigurationList = A3767DBA19BF05EA00ABAB8C /* Build configuration list for PBXProject "TweaksDemo" */;
			compatibilityVersion = "Xcode 3.2";
			developmentRegion = English;
			hasScannedForEncodings = 0;
			knownRegions = (
				en,
			);
			mainGroup = A3767DB619BF05EA00ABAB8C;
			productRefGroup = A3767DC019BF05EA00ABAB8C /* Products */;
			projectDirPath = "";
			projectRoot = "";
			targets = (
				A3767DBE19BF05EA00ABAB8C /* TweaksDemo */,
				A3767DD919BF05EA00ABAB8C /* TweaksDemoTests */,
			);
		};
/* End PBXProject section */

/* Begin PBXResourcesBuildPhase section */
		A3767DBD19BF05EA00ABAB8C /* Resources */ = {
			isa = PBXResourcesBuildPhase;
			buildActionMask = 2147483647;
			files = (
				A3767DCD19BF05EA00ABAB8C /* InfoPlist.strings in Resources */,
				A3767DD519BF05EA00ABAB8C /* Images.xcassets in Resources */,
			);
			runOnlyForDeploymentPostprocessing = 0;
		};
		A3767DD819BF05EA00ABAB8C /* Resources */ = {
			isa = PBXResourcesBuildPhase;
			buildActionMask = 2147483647;
			files = (
				A3767DE619BF05EA00ABAB8C /* InfoPlist.strings in Resources */,
			);
			runOnlyForDeploymentPostprocessing = 0;
		};
/* End PBXResourcesBuildPhase section */

/* Begin PBXShellScriptBuildPhase section */
		377458F853414BD8A7DDE968 /* Check Pods Manifest.lock */ = {
			isa = PBXShellScriptBuildPhase;
			buildActionMask = 2147483647;
			files = (
			);
			inputPaths = (
			);
			name = "Check Pods Manifest.lock";
			outputPaths = (
			);
			runOnlyForDeploymentPostprocessing = 0;
			shellPath = /bin/sh;
			shellScript = "diff \"${PODS_ROOT}/../Podfile.lock\" \"${PODS_ROOT}/Manifest.lock\" > /dev/null\nif [[ $? != 0 ]] ; then\n    cat << EOM\nerror: The sandbox is not in sync with the Podfile.lock. Run 'pod install' or update your CocoaPods installation.\nEOM\n    exit 1\nfi\n";
			showEnvVarsInLog = 0;
		};
		724C7B96F2DB4E9AA3D22553 /* Copy Pods Resources */ = {
			isa = PBXShellScriptBuildPhase;
			buildActionMask = 2147483647;
			files = (
			);
			inputPaths = (
			);
			name = "Copy Pods Resources";
			outputPaths = (
			);
			runOnlyForDeploymentPostprocessing = 0;
			shellPath = /bin/sh;
			shellScript = "\"${SRCROOT}/Pods/Pods-resources.sh\"\n";
			showEnvVarsInLog = 0;
		};
/* End PBXShellScriptBuildPhase section */

/* Begin PBXSourcesBuildPhase section */
		A3767DBB19BF05EA00ABAB8C /* Sources */ = {
			isa = PBXSourcesBuildPhase;
			buildActionMask = 2147483647;
			files = (
				A3767DD319BF05EA00ABAB8C /* FBAppDelegate.m in Sources */,
				A3767DCF19BF05EA00ABAB8C /* main.m in Sources */,
				A3767DF319BF073600ABAB8C /* FBTweakDemoController.m in Sources */,
			);
			runOnlyForDeploymentPostprocessing = 0;
		};
		A3767DD619BF05EA00ABAB8C /* Sources */ = {
			isa = PBXSourcesBuildPhase;
			buildActionMask = 2147483647;
			files = (
				A32F5A4919BF0A060029BEC5 /* FBTweakInlineTestsARC.m in Sources */,
				A3767DE819BF05EA00ABAB8C /* TweaksDemoTests.m in Sources */,
			);
			runOnlyForDeploymentPostprocessing = 0;
		};
/* End PBXSourcesBuildPhase section */

/* Begin PBXTargetDependency section */
		A3767DE019BF05EA00ABAB8C /* PBXTargetDependency */ = {
			isa = PBXTargetDependency;
			target = A3767DBE19BF05EA00ABAB8C /* TweaksDemo */;
			targetProxy = A3767DDF19BF05EA00ABAB8C /* PBXContainerItemProxy */;
		};
/* End PBXTargetDependency section */

/* Begin PBXVariantGroup section */
		A3767DCB19BF05EA00ABAB8C /* InfoPlist.strings */ = {
			isa = PBXVariantGroup;
			children = (
				A3767DCC19BF05EA00ABAB8C /* en */,
			);
			name = InfoPlist.strings;
			sourceTree = "<group>";
		};
		A3767DE419BF05EA00ABAB8C /* InfoPlist.strings */ = {
			isa = PBXVariantGroup;
			children = (
				A3767DE519BF05EA00ABAB8C /* en */,
			);
			name = InfoPlist.strings;
			sourceTree = "<group>";
		};
/* End PBXVariantGroup section */

/* Begin XCBuildConfiguration section */
		A3767DE919BF05EA00ABAB8C /* Debug */ = {
			isa = XCBuildConfiguration;
			buildSettings = {
				ALWAYS_SEARCH_USER_PATHS = NO;
				CLANG_CXX_LANGUAGE_STANDARD = "gnu++0x";
				CLANG_CXX_LIBRARY = "libc++";
				CLANG_ENABLE_MODULES = YES;
				CLANG_ENABLE_OBJC_ARC = YES;
				CLANG_WARN_BOOL_CONVERSION = YES;
				CLANG_WARN_CONSTANT_CONVERSION = YES;
				CLANG_WARN_DIRECT_OBJC_ISA_USAGE = YES_ERROR;
				CLANG_WARN_EMPTY_BODY = YES;
				CLANG_WARN_ENUM_CONVERSION = YES;
				CLANG_WARN_INT_CONVERSION = YES;
				CLANG_WARN_OBJC_ROOT_CLASS = YES_ERROR;
				CLANG_WARN__DUPLICATE_METHOD_MATCH = YES;
				"CODE_SIGN_IDENTITY[sdk=iphoneos*]" = "iPhone Developer";
				COPY_PHASE_STRIP = NO;
				GCC_C_LANGUAGE_STANDARD = gnu99;
				GCC_DYNAMIC_NO_PIC = NO;
				GCC_OPTIMIZATION_LEVEL = 0;
				GCC_PREPROCESSOR_DEFINITIONS = (
					"DEBUG=1",
					"$(inherited)",
				);
				GCC_SYMBOLS_PRIVATE_EXTERN = NO;
				GCC_WARN_64_TO_32_BIT_CONVERSION = YES;
				GCC_WARN_ABOUT_RETURN_TYPE = YES_ERROR;
				GCC_WARN_UNDECLARED_SELECTOR = YES;
				GCC_WARN_UNINITIALIZED_AUTOS = YES_AGGRESSIVE;
				GCC_WARN_UNUSED_FUNCTION = YES;
				GCC_WARN_UNUSED_VARIABLE = YES;
				IPHONEOS_DEPLOYMENT_TARGET = 6.0;
				ONLY_ACTIVE_ARCH = YES;
				SDKROOT = iphoneos;
				TARGETED_DEVICE_FAMILY = "1,2";
			};
			name = Debug;
		};
		A3767DEA19BF05EA00ABAB8C /* Release */ = {
			isa = XCBuildConfiguration;
			buildSettings = {
				ALWAYS_SEARCH_USER_PATHS = NO;
				CLANG_CXX_LANGUAGE_STANDARD = "gnu++0x";
				CLANG_CXX_LIBRARY = "libc++";
				CLANG_ENABLE_MODULES = YES;
				CLANG_ENABLE_OBJC_ARC = YES;
				CLANG_WARN_BOOL_CONVERSION = YES;
				CLANG_WARN_CONSTANT_CONVERSION = YES;
				CLANG_WARN_DIRECT_OBJC_ISA_USAGE = YES_ERROR;
				CLANG_WARN_EMPTY_BODY = YES;
				CLANG_WARN_ENUM_CONVERSION = YES;
				CLANG_WARN_INT_CONVERSION = YES;
				CLANG_WARN_OBJC_ROOT_CLASS = YES_ERROR;
				CLANG_WARN__DUPLICATE_METHOD_MATCH = YES;
				"CODE_SIGN_IDENTITY[sdk=iphoneos*]" = "iPhone Developer";
				COPY_PHASE_STRIP = YES;
				ENABLE_NS_ASSERTIONS = NO;
				GCC_C_LANGUAGE_STANDARD = gnu99;
				GCC_WARN_64_TO_32_BIT_CONVERSION = YES;
				GCC_WARN_ABOUT_RETURN_TYPE = YES_ERROR;
				GCC_WARN_UNDECLARED_SELECTOR = YES;
				GCC_WARN_UNINITIALIZED_AUTOS = YES_AGGRESSIVE;
				GCC_WARN_UNUSED_FUNCTION = YES;
				GCC_WARN_UNUSED_VARIABLE = YES;
				IPHONEOS_DEPLOYMENT_TARGET = 6.0;
				SDKROOT = iphoneos;
				TARGETED_DEVICE_FAMILY = "1,2";
				VALIDATE_PRODUCT = YES;
			};
			name = Release;
		};
		A3767DEC19BF05EA00ABAB8C /* Debug */ = {
			isa = XCBuildConfiguration;
			baseConfigurationReference = DA57C115E9C74D989FDE876D /* Pods.xcconfig */;
			buildSettings = {
				ASSETCATALOG_COMPILER_APPICON_NAME = AppIcon;
				ASSETCATALOG_COMPILER_LAUNCHIMAGE_NAME = LaunchImage;
				GCC_PRECOMPILE_PREFIX_HEADER = YES;
				GCC_PREFIX_HEADER = "TweaksDemo/TweaksDemo-Prefix.pch";
				INFOPLIST_FILE = "TweaksDemo/TweaksDemo-Info.plist";
				PRODUCT_NAME = "$(TARGET_NAME)";
				WRAPPER_EXTENSION = app;
			};
			name = Debug;
		};
		A3767DED19BF05EA00ABAB8C /* Release */ = {
			isa = XCBuildConfiguration;
			baseConfigurationReference = DA57C115E9C74D989FDE876D /* Pods.xcconfig */;
			buildSettings = {
				ASSETCATALOG_COMPILER_APPICON_NAME = AppIcon;
				ASSETCATALOG_COMPILER_LAUNCHIMAGE_NAME = LaunchImage;
				GCC_PRECOMPILE_PREFIX_HEADER = YES;
				GCC_PREFIX_HEADER = "TweaksDemo/TweaksDemo-Prefix.pch";
				INFOPLIST_FILE = "TweaksDemo/TweaksDemo-Info.plist";
				PRODUCT_NAME = "$(TARGET_NAME)";
				WRAPPER_EXTENSION = app;
			};
			name = Release;
		};
		A3767DEF19BF05EA00ABAB8C /* Debug */ = {
			isa = XCBuildConfiguration;
			baseConfigurationReference = DA57C115E9C74D989FDE876D /* Pods.xcconfig */;
			buildSettings = {
				BUNDLE_LOADER = "$(BUILT_PRODUCTS_DIR)/TweaksDemo.app/TweaksDemo";
				FRAMEWORK_SEARCH_PATHS = (
					"$(SDKROOT)/Developer/Library/Frameworks",
					"$(inherited)",
					"$(DEVELOPER_FRAMEWORKS_DIR)",
				);
				GCC_PRECOMPILE_PREFIX_HEADER = YES;
				GCC_PREFIX_HEADER = "TweaksDemo/TweaksDemo-Prefix.pch";
				GCC_PREPROCESSOR_DEFINITIONS = (
					"DEBUG=1",
					"$(inherited)",
				);
				INFOPLIST_FILE = "TweaksDemoTests/TweaksDemoTests-Info.plist";
				PRODUCT_NAME = "$(TARGET_NAME)";
				TEST_HOST = "$(BUNDLE_LOADER)";
				WRAPPER_EXTENSION = xctest;
			};
			name = Debug;
		};
		A3767DF019BF05EA00ABAB8C /* Release */ = {
			isa = XCBuildConfiguration;
			baseConfigurationReference = DA57C115E9C74D989FDE876D /* Pods.xcconfig */;
			buildSettings = {
				BUNDLE_LOADER = "$(BUILT_PRODUCTS_DIR)/TweaksDemo.app/TweaksDemo";
				FRAMEWORK_SEARCH_PATHS = (
					"$(SDKROOT)/Developer/Library/Frameworks",
					"$(inherited)",
					"$(DEVELOPER_FRAMEWORKS_DIR)",
				);
				GCC_PRECOMPILE_PREFIX_HEADER = YES;
				GCC_PREFIX_HEADER = "TweaksDemo/TweaksDemo-Prefix.pch";
				INFOPLIST_FILE = "TweaksDemoTests/TweaksDemoTests-Info.plist";
				PRODUCT_NAME = "$(TARGET_NAME)";
				TEST_HOST = "$(BUNDLE_LOADER)";
				WRAPPER_EXTENSION = xctest;
			};
			name = Release;
		};
/* End XCBuildConfiguration section */

/* Begin XCConfigurationList section */
		A3767DBA19BF05EA00ABAB8C /* Build configuration list for PBXProject "TweaksDemo" */ = {
			isa = XCConfigurationList;
			buildConfigurations = (
				A3767DE919BF05EA00ABAB8C /* Debug */,
				A3767DEA19BF05EA00ABAB8C /* Release */,
			);
			defaultConfigurationIsVisible = 0;
			defaultConfigurationName = Release;
		};
		A3767DEB19BF05EA00ABAB8C /* Build configuration list for PBXNativeTarget "TweaksDemo" */ = {
			isa = XCConfigurationList;
			buildConfigurations = (
				A3767DEC19BF05EA00ABAB8C /* Debug */,
				A3767DED19BF05EA00ABAB8C /* Release */,
			);
			defaultConfigurationIsVisible = 0;
			defaultConfigurationName = Release;
		};
		A3767DEE19BF05EA00ABAB8C /* Build configuration list for PBXNativeTarget "TweaksDemoTests" */ = {
			isa = XCConfigurationList;
			buildConfigurations = (
				A3767DEF19BF05EA00ABAB8C /* Debug */,
				A3767DF019BF05EA00ABAB8C /* Release */,
			);
			defaultConfigurationIsVisible = 0;
			defaultConfigurationName = Release;
		};
/* End XCConfigurationList section */
	};
	rootObject = A3767DB719BF05EA00ABAB8C /* Project object */;
}
