// !$*UTF8*$!
{
	archiveVersion = 1;
	classes = {
	};
	objectVersion = 46;
	objects = {

/* Begin PBXBuildFile section */
		18EFE472189EBA4900DA6A5D /* Foundation.framework in Frameworks */ = {isa = PBXBuildFile; fileRef = 18EFE471189EBA4900DA6A5D /* Foundation.framework */; };
		18EFE480189EBA4900DA6A5D /* XCTest.framework in Frameworks */ = {isa = PBXBuildFile; fileRef = 18EFE47F189EBA4900DA6A5D /* XCTest.framework */; };
		18EFE481189EBA4900DA6A5D /* Foundation.framework in Frameworks */ = {isa = PBXBuildFile; fileRef = 18EFE471189EBA4900DA6A5D /* Foundation.framework */; };
		18EFE483189EBA4900DA6A5D /* UIKit.framework in Frameworks */ = {isa = PBXBuildFile; fileRef = 18EFE482189EBA4900DA6A5D /* UIKit.framework */; };
		18EFE486189EBA4900DA6A5D /* libFBTweak.a in Frameworks */ = {isa = PBXBuildFile; fileRef = 18EFE46E189EBA4900DA6A5D /* libFBTweak.a */; };
		18EFE48C189EBA4900DA6A5D /* InfoPlist.strings in Resources */ = {isa = PBXBuildFile; fileRef = 18EFE48A189EBA4900DA6A5D /* InfoPlist.strings */; };
		18EFE4D2189ECF2000DA6A5D /* FBTweakInlineTestsARC.m in Sources */ = {isa = PBXBuildFile; fileRef = 18EFE4D1189ECF2000DA6A5D /* FBTweakInlineTestsARC.m */; };
		18EFE52D189F250700DA6A5D /* FBTweakInlineTestsMRR.m in Sources */ = {isa = PBXBuildFile; fileRef = 18EFE52C189F250700DA6A5D /* FBTweakInlineTestsMRR.m */; settings = {COMPILER_FLAGS = "-fno-objc-arc"; }; };
		29E9F17B18E35C9C001EAF7D /* MessageUI.framework in Frameworks */ = {isa = PBXBuildFile; fileRef = 29E9F17A18E35C9C001EAF7D /* MessageUI.framework */; };
		A3767CFE19BF04C100ABAB8C /* _FBTweakCompilerMagic.m in Sources */ = {isa = PBXBuildFile; fileRef = A3767CBE19BF04C000ABAB8C /* _FBTweakCompilerMagic.m */; };
		A3767CFF19BF04C100ABAB8C /* _FBTweakBindObserver.m in Sources */ = {isa = PBXBuildFile; fileRef = A3767CC419BF04C000ABAB8C /* _FBTweakBindObserver.m */; };
		A3767D0019BF04C100ABAB8C /* FBTweakCategory.m in Sources */ = {isa = PBXBuildFile; fileRef = A3767CC619BF04C000ABAB8C /* FBTweakCategory.m */; };
		A3767D0119BF04C100ABAB8C /* FBTweakCollection.m in Sources */ = {isa = PBXBuildFile; fileRef = A3767CC819BF04C000ABAB8C /* FBTweakCollection.m */; };
		A3767D0219BF04C100ABAB8C /* FBTweakStore.m in Sources */ = {isa = PBXBuildFile; fileRef = A3767CCA19BF04C000ABAB8C /* FBTweakStore.m */; };
		A3767D0319BF04C100ABAB8C /* FBActionTweak.m in Sources */ = {isa = PBXBuildFile; fileRef = A3767CCD19BF04C000ABAB8C /* FBActionTweak.m */; };
		A3767D0419BF04C100ABAB8C /* FBBoolTweak.m in Sources */ = {isa = PBXBuildFile; fileRef = A3767CD019BF04C000ABAB8C /* FBBoolTweak.m */; };
		A3767D0519BF04C100ABAB8C /* FBColorTweak.m in Sources */ = {isa = PBXBuildFile; fileRef = A3767CD219BF04C000ABAB8C /* FBColorTweak.m */; };
		A3767D0619BF04C100ABAB8C /* FBDoubleTweak.m in Sources */ = {isa = PBXBuildFile; fileRef = A3767CD419BF04C000ABAB8C /* FBDoubleTweak.m */; };
		A3767D0719BF04C100ABAB8C /* FBIntegerTweak.m in Sources */ = {isa = PBXBuildFile; fileRef = A3767CD619BF04C000ABAB8C /* FBIntegerTweak.m */; };
		A3767D0819BF04C100ABAB8C /* FBObjectTweak.m in Sources */ = {isa = PBXBuildFile; fileRef = A3767CD819BF04C000ABAB8C /* FBObjectTweak.m */; };
		A3767D0919BF04C100ABAB8C /* FBSelectValueTweak.m in Sources */ = {isa = PBXBuildFile; fileRef = A3767CDA19BF04C000ABAB8C /* FBSelectValueTweak.m */; };
		A3767D0A19BF04C100ABAB8C /* FBTweak.m in Sources */ = {isa = PBXBuildFile; fileRef = A3767CDC19BF04C000ABAB8C /* FBTweak.m */; };
		A3767D0B19BF04C100ABAB8C /* _FBTweakCategoryViewController.m in Sources */ = {isa = PBXBuildFile; fileRef = A3767CE119BF04C000ABAB8C /* _FBTweakCategoryViewController.m */; };
		A3767D0C19BF04C100ABAB8C /* _FBTweakCollectionViewController.m in Sources */ = {isa = PBXBuildFile; fileRef = A3767CE319BF04C000ABAB8C /* _FBTweakCollectionViewController.m */; };
		A3767D0D19BF04C100ABAB8C /* _FBTweakTableViewActionCell.m in Sources */ = {isa = PBXBuildFile; fileRef = A3767CE619BF04C000ABAB8C /* _FBTweakTableViewActionCell.m */; };
		A3767D0E19BF04C100ABAB8C /* _FBTweakTableViewBoolCell.m in Sources */ = {isa = PBXBuildFile; fileRef = A3767CE819BF04C000ABAB8C /* _FBTweakTableViewBoolCell.m */; };
		A3767D0F19BF04C100ABAB8C /* _FBTweakTableViewCell.m in Sources */ = {isa = PBXBuildFile; fileRef = A3767CEA19BF04C000ABAB8C /* _FBTweakTableViewCell.m */; };
		A3767D1019BF04C100ABAB8C /* _FBTweakTableViewColorCell.m in Sources */ = {isa = PBXBuildFile; fileRef = A3767CED19BF04C000ABAB8C /* _FBTweakTableViewColorCell.m */; };
		A3767D1119BF04C100ABAB8C /* _FBTweakTableViewDoubleCell.m in Sources */ = {isa = PBXBuildFile; fileRef = A3767CEF19BF04C000ABAB8C /* _FBTweakTableViewDoubleCell.m */; };
		A3767D1219BF04C100ABAB8C /* _FBTweakTableViewIntegerCell.m in Sources */ = {isa = PBXBuildFile; fileRef = A3767CF119BF04C000ABAB8C /* _FBTweakTableViewIntegerCell.m */; };
		A3767D1319BF04C100ABAB8C /* _FBTweakTableViewSelectAmongFewValuesCell.m in Sources */ = {isa = PBXBuildFile; fileRef = A3767CF319BF04C100ABAB8C /* _FBTweakTableViewSelectAmongFewValuesCell.m */; };
		A3767D1419BF04C100ABAB8C /* _FBTweakTableViewSelectAmongManyValuesCell.m in Sources */ = {isa = PBXBuildFile; fileRef = A3767CF519BF04C100ABAB8C /* _FBTweakTableViewSelectAmongManyValuesCell.m */; };
		A3767D1519BF04C100ABAB8C /* _FBTweakTableViewStringCell.m in Sources */ = {isa = PBXBuildFile; fileRef = A3767CF719BF04C100ABAB8C /* _FBTweakTableViewStringCell.m */; };
		A3767D1619BF04C100ABAB8C /* _FBTweakTableViewUnsupportedCell.m in Sources */ = {isa = PBXBuildFile; fileRef = A3767CF919BF04C100ABAB8C /* _FBTweakTableViewUnsupportedCell.m */; };
		A3767D1719BF04C100ABAB8C /* FBTweakShakeWindow.m in Sources */ = {isa = PBXBuildFile; fileRef = A3767CFB19BF04C100ABAB8C /* FBTweakShakeWindow.m */; };
		A3767D1819BF04C100ABAB8C /* FBTweakViewController.m in Sources */ = {isa = PBXBuildFile; fileRef = A3767CFD19BF04C100ABAB8C /* FBTweakViewController.m */; };
/* End PBXBuildFile section */

/* Begin PBXContainerItemProxy section */
		18EFE484189EBA4900DA6A5D /* PBXContainerItemProxy */ = {
			isa = PBXContainerItemProxy;
			containerPortal = 18EFE466189EBA4900DA6A5D /* Project object */;
			proxyType = 1;
			remoteGlobalIDString = 18EFE46D189EBA4900DA6A5D;
			remoteInfo = FBTweak;
		};
/* End PBXContainerItemProxy section */

/* Begin PBXFileReference section */
		18EFE46E189EBA4900DA6A5D /* libFBTweak.a */ = {isa = PBXFileReference; explicitFileType = archive.ar; includeInIndex = 0; path = libFBTweak.a; sourceTree = BUILT_PRODUCTS_DIR; };
		18EFE471189EBA4900DA6A5D /* Foundation.framework */ = {isa = PBXFileReference; lastKnownFileType = wrapper.framework; name = Foundation.framework; path = System/Library/Frameworks/Foundation.framework; sourceTree = SDKROOT; };
		18EFE47E189EBA4900DA6A5D /* FBTweakTests.xctest */ = {isa = PBXFileReference; explicitFileType = wrapper.cfbundle; includeInIndex = 0; path = FBTweakTests.xctest; sourceTree = BUILT_PRODUCTS_DIR; };
		18EFE47F189EBA4900DA6A5D /* XCTest.framework */ = {isa = PBXFileReference; lastKnownFileType = wrapper.framework; name = XCTest.framework; path = Library/Frameworks/XCTest.framework; sourceTree = DEVELOPER_DIR; };
		18EFE482189EBA4900DA6A5D /* UIKit.framework */ = {isa = PBXFileReference; lastKnownFileType = wrapper.framework; name = UIKit.framework; path = Library/Frameworks/UIKit.framework; sourceTree = DEVELOPER_DIR; };
		18EFE489189EBA4900DA6A5D /* FBTweakTests-Info.plist */ = {isa = PBXFileReference; lastKnownFileType = text.plist.xml; path = "FBTweakTests-Info.plist"; sourceTree = "<group>"; };
		18EFE48B189EBA4900DA6A5D /* en */ = {isa = PBXFileReference; lastKnownFileType = text.plist.strings; name = en; path = en.lproj/InfoPlist.strings; sourceTree = "<group>"; };
		18EFE4D1189ECF2000DA6A5D /* FBTweakInlineTestsARC.m */ = {isa = PBXFileReference; fileEncoding = 4; lastKnownFileType = sourcecode.c.objc; path = FBTweakInlineTestsARC.m; sourceTree = "<group>"; };
		18EFE52C189F250700DA6A5D /* FBTweakInlineTestsMRR.m */ = {isa = PBXFileReference; fileEncoding = 4; lastKnownFileType = sourcecode.c.objc; path = FBTweakInlineTestsMRR.m; sourceTree = "<group>"; };
		29E9F17A18E35C9C001EAF7D /* MessageUI.framework */ = {isa = PBXFileReference; lastKnownFileType = wrapper.framework; name = MessageUI.framework; path = System/Library/Frameworks/MessageUI.framework; sourceTree = SDKROOT; };
		A3767CBA19BF04C000ABAB8C /* FBTweak-Prefix.pch */ = {isa = PBXFileReference; fileEncoding = 4; lastKnownFileType = sourcecode.c.h; path = "FBTweak-Prefix.pch"; sourceTree = "<group>"; };
		A3767CBB19BF04C000ABAB8C /* FBTweakEnabled.h */ = {isa = PBXFileReference; fileEncoding = 4; lastKnownFileType = sourcecode.c.h; path = FBTweakEnabled.h; sourceTree = "<group>"; };
		A3767CBD19BF04C000ABAB8C /* _FBTweakCompilerMagic.h */ = {isa = PBXFileReference; fileEncoding = 4; lastKnownFileType = sourcecode.c.h; path = _FBTweakCompilerMagic.h; sourceTree = "<group>"; };
		A3767CBE19BF04C000ABAB8C /* _FBTweakCompilerMagic.m */ = {isa = PBXFileReference; fileEncoding = 4; lastKnownFileType = sourcecode.c.objc; path = _FBTweakCompilerMagic.m; sourceTree = "<group>"; };
		A3767CBF19BF04C000ABAB8C /* _FBTweakEXTMetamacros.h */ = {isa = PBXFileReference; fileEncoding = 4; lastKnownFileType = sourcecode.c.h; path = _FBTweakEXTMetamacros.h; sourceTree = "<group>"; };
		A3767CC019BF04C000ABAB8C /* _FBTweakInlineInternal.h */ = {isa = PBXFileReference; fileEncoding = 4; lastKnownFileType = sourcecode.c.h; path = _FBTweakInlineInternal.h; sourceTree = "<group>"; };
		A3767CC119BF04C000ABAB8C /* FBTweakInline.h */ = {isa = PBXFileReference; fileEncoding = 4; lastKnownFileType = sourcecode.c.h; path = FBTweakInline.h; sourceTree = "<group>"; };
		A3767CC319BF04C000ABAB8C /* _FBTweakBindObserver.h */ = {isa = PBXFileReference; fileEncoding = 4; lastKnownFileType = sourcecode.c.h; path = _FBTweakBindObserver.h; sourceTree = "<group>"; };
		A3767CC419BF04C000ABAB8C /* _FBTweakBindObserver.m */ = {isa = PBXFileReference; fileEncoding = 4; lastKnownFileType = sourcecode.c.objc; path = _FBTweakBindObserver.m; sourceTree = "<group>"; };
		A3767CC519BF04C000ABAB8C /* FBTweakCategory.h */ = {isa = PBXFileReference; fileEncoding = 4; lastKnownFileType = sourcecode.c.h; path = FBTweakCategory.h; sourceTree = "<group>"; };
		A3767CC619BF04C000ABAB8C /* FBTweakCategory.m */ = {isa = PBXFileReference; fileEncoding = 4; lastKnownFileType = sourcecode.c.objc; path = FBTweakCategory.m; sourceTree = "<group>"; };
		A3767CC719BF04C000ABAB8C /* FBTweakCollection.h */ = {isa = PBXFileReference; fileEncoding = 4; lastKnownFileType = sourcecode.c.h; path = FBTweakCollection.h; sourceTree = "<group>"; };
		A3767CC819BF04C000ABAB8C /* FBTweakCollection.m */ = {isa = PBXFileReference; fileEncoding = 4; lastKnownFileType = sourcecode.c.objc; path = FBTweakCollection.m; sourceTree = "<group>"; };
		A3767CC919BF04C000ABAB8C /* FBTweakStore.h */ = {isa = PBXFileReference; fileEncoding = 4; lastKnownFileType = sourcecode.c.h; path = FBTweakStore.h; sourceTree = "<group>"; };
		A3767CCA19BF04C000ABAB8C /* FBTweakStore.m */ = {isa = PBXFileReference; fileEncoding = 4; lastKnownFileType = sourcecode.c.objc; path = FBTweakStore.m; sourceTree = "<group>"; };
		A3767CCC19BF04C000ABAB8C /* FBActionTweak.h */ = {isa = PBXFileReference; fileEncoding = 4; lastKnownFileType = sourcecode.c.h; path = FBActionTweak.h; sourceTree = "<group>"; };
		A3767CCD19BF04C000ABAB8C /* FBActionTweak.m */ = {isa = PBXFileReference; fileEncoding = 4; lastKnownFileType = sourcecode.c.objc; path = FBActionTweak.m; sourceTree = "<group>"; };
		A3767CCE19BF04C000ABAB8C /* FBAllTweaks.h */ = {isa = PBXFileReference; fileEncoding = 4; lastKnownFileType = sourcecode.c.h; path = FBAllTweaks.h; sourceTree = "<group>"; };
		A3767CCF19BF04C000ABAB8C /* FBBoolTweak.h */ = {isa = PBXFileReference; fileEncoding = 4; lastKnownFileType = sourcecode.c.h; path = FBBoolTweak.h; sourceTree = "<group>"; };
		A3767CD019BF04C000ABAB8C /* FBBoolTweak.m */ = {isa = PBXFileReference; fileEncoding = 4; lastKnownFileType = sourcecode.c.objc; path = FBBoolTweak.m; sourceTree = "<group>"; };
		A3767CD119BF04C000ABAB8C /* FBColorTweak.h */ = {isa = PBXFileReference; fileEncoding = 4; lastKnownFileType = sourcecode.c.h; path = FBColorTweak.h; sourceTree = "<group>"; };
		A3767CD219BF04C000ABAB8C /* FBColorTweak.m */ = {isa = PBXFileReference; fileEncoding = 4; lastKnownFileType = sourcecode.c.objc; path = FBColorTweak.m; sourceTree = "<group>"; };
		A3767CD319BF04C000ABAB8C /* FBDoubleTweak.h */ = {isa = PBXFileReference; fileEncoding = 4; lastKnownFileType = sourcecode.c.h; path = FBDoubleTweak.h; sourceTree = "<group>"; };
		A3767CD419BF04C000ABAB8C /* FBDoubleTweak.m */ = {isa = PBXFileReference; fileEncoding = 4; lastKnownFileType = sourcecode.c.objc; path = FBDoubleTweak.m; sourceTree = "<group>"; };
		A3767CD519BF04C000ABAB8C /* FBIntegerTweak.h */ = {isa = PBXFileReference; fileEncoding = 4; lastKnownFileType = sourcecode.c.h; path = FBIntegerTweak.h; sourceTree = "<group>"; };
		A3767CD619BF04C000ABAB8C /* FBIntegerTweak.m */ = {isa = PBXFileReference; fileEncoding = 4; lastKnownFileType = sourcecode.c.objc; path = FBIntegerTweak.m; sourceTree = "<group>"; };
		A3767CD719BF04C000ABAB8C /* FBObjectTweak.h */ = {isa = PBXFileReference; fileEncoding = 4; lastKnownFileType = sourcecode.c.h; path = FBObjectTweak.h; sourceTree = "<group>"; };
		A3767CD819BF04C000ABAB8C /* FBObjectTweak.m */ = {isa = PBXFileReference; fileEncoding = 4; lastKnownFileType = sourcecode.c.objc; path = FBObjectTweak.m; sourceTree = "<group>"; };
		A3767CD919BF04C000ABAB8C /* FBSelectValueTweak.h */ = {isa = PBXFileReference; fileEncoding = 4; lastKnownFileType = sourcecode.c.h; path = FBSelectValueTweak.h; sourceTree = "<group>"; };
		A3767CDA19BF04C000ABAB8C /* FBSelectValueTweak.m */ = {isa = PBXFileReference; fileEncoding = 4; lastKnownFileType = sourcecode.c.objc; path = FBSelectValueTweak.m; sourceTree = "<group>"; };
		A3767CDB19BF04C000ABAB8C /* FBTweak.h */ = {isa = PBXFileReference; fileEncoding = 4; lastKnownFileType = sourcecode.c.h; path = FBTweak.h; sourceTree = "<group>"; };
		A3767CDC19BF04C000ABAB8C /* FBTweak.m */ = {isa = PBXFileReference; fileEncoding = 4; lastKnownFileType = sourcecode.c.objc; path = FBTweak.m; sourceTree = "<group>"; };
		A3767CDD19BF04C000ABAB8C /* FBTweak_SubclassEyesOnly.h */ = {isa = PBXFileReference; fileEncoding = 4; lastKnownFileType = sourcecode.c.h; path = FBTweak_SubclassEyesOnly.h; sourceTree = "<group>"; };
		A3767CDE19BF04C000ABAB8C /* Tweaks.h */ = {isa = PBXFileReference; fileEncoding = 4; lastKnownFileType = sourcecode.c.h; path = Tweaks.h; sourceTree = "<group>"; };
		A3767CE019BF04C000ABAB8C /* _FBTweakCategoryViewController.h */ = {isa = PBXFileReference; fileEncoding = 4; lastKnownFileType = sourcecode.c.h; path = _FBTweakCategoryViewController.h; sourceTree = "<group>"; };
		A3767CE119BF04C000ABAB8C /* _FBTweakCategoryViewController.m */ = {isa = PBXFileReference; fileEncoding = 4; lastKnownFileType = sourcecode.c.objc; path = _FBTweakCategoryViewController.m; sourceTree = "<group>"; };
		A3767CE219BF04C000ABAB8C /* _FBTweakCollectionViewController.h */ = {isa = PBXFileReference; fileEncoding = 4; lastKnownFileType = sourcecode.c.h; path = _FBTweakCollectionViewController.h; sourceTree = "<group>"; };
		A3767CE319BF04C000ABAB8C /* _FBTweakCollectionViewController.m */ = {isa = PBXFileReference; fileEncoding = 4; lastKnownFileType = sourcecode.c.objc; path = _FBTweakCollectionViewController.m; sourceTree = "<group>"; };
		A3767CE519BF04C000ABAB8C /* _FBTweakTableViewActionCell.h */ = {isa = PBXFileReference; fileEncoding = 4; lastKnownFileType = sourcecode.c.h; path = _FBTweakTableViewActionCell.h; sourceTree = "<group>"; };
		A3767CE619BF04C000ABAB8C /* _FBTweakTableViewActionCell.m */ = {isa = PBXFileReference; fileEncoding = 4; lastKnownFileType = sourcecode.c.objc; path = _FBTweakTableViewActionCell.m; sourceTree = "<group>"; };
		A3767CE719BF04C000ABAB8C /* _FBTweakTableViewBoolCell.h */ = {isa = PBXFileReference; fileEncoding = 4; lastKnownFileType = sourcecode.c.h; path = _FBTweakTableViewBoolCell.h; sourceTree = "<group>"; };
		A3767CE819BF04C000ABAB8C /* _FBTweakTableViewBoolCell.m */ = {isa = PBXFileReference; fileEncoding = 4; lastKnownFileType = sourcecode.c.objc; path = _FBTweakTableViewBoolCell.m; sourceTree = "<group>"; };
		A3767CE919BF04C000ABAB8C /* _FBTweakTableViewCell.h */ = {isa = PBXFileReference; fileEncoding = 4; lastKnownFileType = sourcecode.c.h; path = _FBTweakTableViewCell.h; sourceTree = "<group>"; };
		A3767CEA19BF04C000ABAB8C /* _FBTweakTableViewCell.m */ = {isa = PBXFileReference; fileEncoding = 4; lastKnownFileType = sourcecode.c.objc; path = _FBTweakTableViewCell.m; sourceTree = "<group>"; };
		A3767CEB19BF04C000ABAB8C /* _FBTweakTableViewCells.h */ = {isa = PBXFileReference; fileEncoding = 4; lastKnownFileType = sourcecode.c.h; path = _FBTweakTableViewCells.h; sourceTree = "<group>"; };
		A3767CEC19BF04C000ABAB8C /* _FBTweakTableViewColorCell.h */ = {isa = PBXFileReference; fileEncoding = 4; lastKnownFileType = sourcecode.c.h; path = _FBTweakTableViewColorCell.h; sourceTree = "<group>"; };
		A3767CED19BF04C000ABAB8C /* _FBTweakTableViewColorCell.m */ = {isa = PBXFileReference; fileEncoding = 4; lastKnownFileType = sourcecode.c.objc; path = _FBTweakTableViewColorCell.m; sourceTree = "<group>"; };
		A3767CEE19BF04C000ABAB8C /* _FBTweakTableViewDoubleCell.h */ = {isa = PBXFileReference; fileEncoding = 4; lastKnownFileType = sourcecode.c.h; path = _FBTweakTableViewDoubleCell.h; sourceTree = "<group>"; };
		A3767CEF19BF04C000ABAB8C /* _FBTweakTableViewDoubleCell.m */ = {isa = PBXFileReference; fileEncoding = 4; lastKnownFileType = sourcecode.c.objc; path = _FBTweakTableViewDoubleCell.m; sourceTree = "<group>"; };
		A3767CF019BF04C000ABAB8C /* _FBTweakTableViewIntegerCell.h */ = {isa = PBXFileReference; fileEncoding = 4; lastKnownFileType = sourcecode.c.h; path = _FBTweakTableViewIntegerCell.h; sourceTree = "<group>"; };
		A3767CF119BF04C000ABAB8C /* _FBTweakTableViewIntegerCell.m */ = {isa = PBXFileReference; fileEncoding = 4; lastKnownFileType = sourcecode.c.objc; path = _FBTweakTableViewIntegerCell.m; sourceTree = "<group>"; };
		A3767CF219BF04C100ABAB8C /* _FBTweakTableViewSelectAmongFewValuesCell.h */ = {isa = PBXFileReference; fileEncoding = 4; lastKnownFileType = sourcecode.c.h; path = _FBTweakTableViewSelectAmongFewValuesCell.h; sourceTree = "<group>"; };
		A3767CF319BF04C100ABAB8C /* _FBTweakTableViewSelectAmongFewValuesCell.m */ = {isa = PBXFileReference; fileEncoding = 4; lastKnownFileType = sourcecode.c.objc; path = _FBTweakTableViewSelectAmongFewValuesCell.m; sourceTree = "<group>"; };
		A3767CF419BF04C100ABAB8C /* _FBTweakTableViewSelectAmongManyValuesCell.h */ = {isa = PBXFileReference; fileEncoding = 4; lastKnownFileType = sourcecode.c.h; path = _FBTweakTableViewSelectAmongManyValuesCell.h; sourceTree = "<group>"; };
		A3767CF519BF04C100ABAB8C /* _FBTweakTableViewSelectAmongManyValuesCell.m */ = {isa = PBXFileReference; fileEncoding = 4; lastKnownFileType = sourcecode.c.objc; path = _FBTweakTableViewSelectAmongManyValuesCell.m; sourceTree = "<group>"; };
		A3767CF619BF04C100ABAB8C /* _FBTweakTableViewStringCell.h */ = {isa = PBXFileReference; fileEncoding = 4; lastKnownFileType = sourcecode.c.h; path = _FBTweakTableViewStringCell.h; sourceTree = "<group>"; };
		A3767CF719BF04C100ABAB8C /* _FBTweakTableViewStringCell.m */ = {isa = PBXFileReference; fileEncoding = 4; lastKnownFileType = sourcecode.c.objc; path = _FBTweakTableViewStringCell.m; sourceTree = "<group>"; };
		A3767CF819BF04C100ABAB8C /* _FBTweakTableViewUnsupportedCell.h */ = {isa = PBXFileReference; fileEncoding = 4; lastKnownFileType = sourcecode.c.h; path = _FBTweakTableViewUnsupportedCell.h; sourceTree = "<group>"; };
		A3767CF919BF04C100ABAB8C /* _FBTweakTableViewUnsupportedCell.m */ = {isa = PBXFileReference; fileEncoding = 4; lastKnownFileType = sourcecode.c.objc; path = _FBTweakTableViewUnsupportedCell.m; sourceTree = "<group>"; };
		A3767CFA19BF04C100ABAB8C /* FBTweakShakeWindow.h */ = {isa = PBXFileReference; fileEncoding = 4; lastKnownFileType = sourcecode.c.h; path = FBTweakShakeWindow.h; sourceTree = "<group>"; };
		A3767CFB19BF04C100ABAB8C /* FBTweakShakeWindow.m */ = {isa = PBXFileReference; fileEncoding = 4; lastKnownFileType = sourcecode.c.objc; path = FBTweakShakeWindow.m; sourceTree = "<group>"; };
		A3767CFC19BF04C100ABAB8C /* FBTweakViewController.h */ = {isa = PBXFileReference; fileEncoding = 4; lastKnownFileType = sourcecode.c.h; path = FBTweakViewController.h; sourceTree = "<group>"; };
		A3767CFD19BF04C100ABAB8C /* FBTweakViewController.m */ = {isa = PBXFileReference; fileEncoding = 4; lastKnownFileType = sourcecode.c.objc; path = FBTweakViewController.m; sourceTree = "<group>"; };
/* End PBXFileReference section */

/* Begin PBXFrameworksBuildPhase section */
		18EFE46B189EBA4900DA6A5D /* Frameworks */ = {
			isa = PBXFrameworksBuildPhase;
			buildActionMask = 2147483647;
			files = (
				29E9F17B18E35C9C001EAF7D /* MessageUI.framework in Frameworks */,
				18EFE472189EBA4900DA6A5D /* Foundation.framework in Frameworks */,
			);
			runOnlyForDeploymentPostprocessing = 0;
		};
		18EFE47B189EBA4900DA6A5D /* Frameworks */ = {
			isa = PBXFrameworksBuildPhase;
			buildActionMask = 2147483647;
			files = (
				18EFE480189EBA4900DA6A5D /* XCTest.framework in Frameworks */,
				18EFE483189EBA4900DA6A5D /* UIKit.framework in Frameworks */,
				18EFE486189EBA4900DA6A5D /* libFBTweak.a in Frameworks */,
				18EFE481189EBA4900DA6A5D /* Foundation.framework in Frameworks */,
			);
			runOnlyForDeploymentPostprocessing = 0;
		};
/* End PBXFrameworksBuildPhase section */

/* Begin PBXGroup section */
		18EFE465189EBA4900DA6A5D = {
			isa = PBXGroup;
			children = (
				A3767CB919BF04C000ABAB8C /* FBTweak */,
				18EFE487189EBA4900DA6A5D /* FBTweakTests */,
				18EFE470189EBA4900DA6A5D /* Frameworks */,
				18EFE46F189EBA4900DA6A5D /* Products */,
			);
			sourceTree = "<group>";
		};
		18EFE46F189EBA4900DA6A5D /* Products */ = {
			isa = PBXGroup;
			children = (
				18EFE46E189EBA4900DA6A5D /* libFBTweak.a */,
				18EFE47E189EBA4900DA6A5D /* FBTweakTests.xctest */,
			);
			name = Products;
			sourceTree = "<group>";
		};
		18EFE470189EBA4900DA6A5D /* Frameworks */ = {
			isa = PBXGroup;
			children = (
				29E9F17A18E35C9C001EAF7D /* MessageUI.framework */,
				18EFE471189EBA4900DA6A5D /* Foundation.framework */,
				18EFE47F189EBA4900DA6A5D /* XCTest.framework */,
				18EFE482189EBA4900DA6A5D /* UIKit.framework */,
			);
			name = Frameworks;
			sourceTree = "<group>";
		};
		18EFE487189EBA4900DA6A5D /* FBTweakTests */ = {
			isa = PBXGroup;
			children = (
				18EFE4D1189ECF2000DA6A5D /* FBTweakInlineTestsARC.m */,
				18EFE52C189F250700DA6A5D /* FBTweakInlineTestsMRR.m */,
				18EFE488189EBA4900DA6A5D /* Supporting Files */,
			);
			path = FBTweakTests;
			sourceTree = "<group>";
		};
		18EFE488189EBA4900DA6A5D /* Supporting Files */ = {
			isa = PBXGroup;
			children = (
				18EFE489189EBA4900DA6A5D /* FBTweakTests-Info.plist */,
				18EFE48A189EBA4900DA6A5D /* InfoPlist.strings */,
			);
			name = "Supporting Files";
			sourceTree = "<group>";
		};
		A3767CB919BF04C000ABAB8C /* FBTweak */ = {
			isa = PBXGroup;
			children = (
				A3767CBA19BF04C000ABAB8C /* FBTweak-Prefix.pch */,
				A3767CBB19BF04C000ABAB8C /* FBTweakEnabled.h */,
				A3767CBC19BF04C000ABAB8C /* Inline */,
				A3767CC219BF04C000ABAB8C /* Models */,
				A3767CDE19BF04C000ABAB8C /* Tweaks.h */,
				A3767CDF19BF04C000ABAB8C /* UI */,
			);
			path = FBTweak;
			sourceTree = "<group>";
		};
		A3767CBC19BF04C000ABAB8C /* Inline */ = {
			isa = PBXGroup;
			children = (
				A3767CBD19BF04C000ABAB8C /* _FBTweakCompilerMagic.h */,
				A3767CBE19BF04C000ABAB8C /* _FBTweakCompilerMagic.m */,
				A3767CBF19BF04C000ABAB8C /* _FBTweakEXTMetamacros.h */,
				A3767CC019BF04C000ABAB8C /* _FBTweakInlineInternal.h */,
				A3767CC119BF04C000ABAB8C /* FBTweakInline.h */,
			);
			path = Inline;
			sourceTree = "<group>";
		};
		A3767CC219BF04C000ABAB8C /* Models */ = {
			isa = PBXGroup;
			children = (
				A3767CC319BF04C000ABAB8C /* _FBTweakBindObserver.h */,
				A3767CC419BF04C000ABAB8C /* _FBTweakBindObserver.m */,
				A3767CC519BF04C000ABAB8C /* FBTweakCategory.h */,
				A3767CC619BF04C000ABAB8C /* FBTweakCategory.m */,
				A3767CC719BF04C000ABAB8C /* FBTweakCollection.h */,
				A3767CC819BF04C000ABAB8C /* FBTweakCollection.m */,
				A3767CC919BF04C000ABAB8C /* FBTweakStore.h */,
				A3767CCA19BF04C000ABAB8C /* FBTweakStore.m */,
				A3767CCB19BF04C000ABAB8C /* Tweak Models */,
			);
			path = Models;
			sourceTree = "<group>";
		};
		A3767CCB19BF04C000ABAB8C /* Tweak Models */ = {
			isa = PBXGroup;
			children = (
				A3767CCC19BF04C000ABAB8C /* FBActionTweak.h */,
				A3767CCD19BF04C000ABAB8C /* FBActionTweak.m */,
				A3767CCE19BF04C000ABAB8C /* FBAllTweaks.h */,
				A3767CCF19BF04C000ABAB8C /* FBBoolTweak.h */,
				A3767CD019BF04C000ABAB8C /* FBBoolTweak.m */,
				A3767CD119BF04C000ABAB8C /* FBColorTweak.h */,
				A3767CD219BF04C000ABAB8C /* FBColorTweak.m */,
				A3767CD319BF04C000ABAB8C /* FBDoubleTweak.h */,
				A3767CD419BF04C000ABAB8C /* FBDoubleTweak.m */,
				A3767CD519BF04C000ABAB8C /* FBIntegerTweak.h */,
				A3767CD619BF04C000ABAB8C /* FBIntegerTweak.m */,
				A3767CD719BF04C000ABAB8C /* FBObjectTweak.h */,
				A3767CD819BF04C000ABAB8C /* FBObjectTweak.m */,
				A3767CD919BF04C000ABAB8C /* FBSelectValueTweak.h */,
				A3767CDA19BF04C000ABAB8C /* FBSelectValueTweak.m */,
				A3767CDB19BF04C000ABAB8C /* FBTweak.h */,
				A3767CDC19BF04C000ABAB8C /* FBTweak.m */,
				A3767CDD19BF04C000ABAB8C /* FBTweak_SubclassEyesOnly.h */,
			);
			path = "Tweak Models";
			sourceTree = "<group>";
		};
		A3767CDF19BF04C000ABAB8C /* UI */ = {
			isa = PBXGroup;
			children = (
				A3767CE019BF04C000ABAB8C /* _FBTweakCategoryViewController.h */,
				A3767CE119BF04C000ABAB8C /* _FBTweakCategoryViewController.m */,
				A3767CE219BF04C000ABAB8C /* _FBTweakCollectionViewController.h */,
				A3767CE319BF04C000ABAB8C /* _FBTweakCollectionViewController.m */,
				A3767CE419BF04C000ABAB8C /* Cells */,
				A3767CFA19BF04C100ABAB8C /* FBTweakShakeWindow.h */,
				A3767CFB19BF04C100ABAB8C /* FBTweakShakeWindow.m */,
				A3767CFC19BF04C100ABAB8C /* FBTweakViewController.h */,
				A3767CFD19BF04C100ABAB8C /* FBTweakViewController.m */,
			);
			path = UI;
			sourceTree = "<group>";
		};
		A3767CE419BF04C000ABAB8C /* Cells */ = {
			isa = PBXGroup;
			children = (
				A3767CE519BF04C000ABAB8C /* _FBTweakTableViewActionCell.h */,
				A3767CE619BF04C000ABAB8C /* _FBTweakTableViewActionCell.m */,
				A3767CE719BF04C000ABAB8C /* _FBTweakTableViewBoolCell.h */,
				A3767CE819BF04C000ABAB8C /* _FBTweakTableViewBoolCell.m */,
				A3767CE919BF04C000ABAB8C /* _FBTweakTableViewCell.h */,
				A3767CEA19BF04C000ABAB8C /* _FBTweakTableViewCell.m */,
				A3767CEB19BF04C000ABAB8C /* _FBTweakTableViewCells.h */,
				A3767CEC19BF04C000ABAB8C /* _FBTweakTableViewColorCell.h */,
				A3767CED19BF04C000ABAB8C /* _FBTweakTableViewColorCell.m */,
				A3767CEE19BF04C000ABAB8C /* _FBTweakTableViewDoubleCell.h */,
				A3767CEF19BF04C000ABAB8C /* _FBTweakTableViewDoubleCell.m */,
				A3767CF019BF04C000ABAB8C /* _FBTweakTableViewIntegerCell.h */,
				A3767CF119BF04C000ABAB8C /* _FBTweakTableViewIntegerCell.m */,
				A3767CF219BF04C100ABAB8C /* _FBTweakTableViewSelectAmongFewValuesCell.h */,
				A3767CF319BF04C100ABAB8C /* _FBTweakTableViewSelectAmongFewValuesCell.m */,
				A3767CF419BF04C100ABAB8C /* _FBTweakTableViewSelectAmongManyValuesCell.h */,
				A3767CF519BF04C100ABAB8C /* _FBTweakTableViewSelectAmongManyValuesCell.m */,
				A3767CF619BF04C100ABAB8C /* _FBTweakTableViewStringCell.h */,
				A3767CF719BF04C100ABAB8C /* _FBTweakTableViewStringCell.m */,
				A3767CF819BF04C100ABAB8C /* _FBTweakTableViewUnsupportedCell.h */,
				A3767CF919BF04C100ABAB8C /* _FBTweakTableViewUnsupportedCell.m */,
			);
			path = Cells;
			sourceTree = "<group>";
		};
/* End PBXGroup section */

/* Begin PBXHeadersBuildPhase section */
		18EFE497189EBA5A00DA6A5D /* Headers */ = {
			isa = PBXHeadersBuildPhase;
			buildActionMask = 2147483647;
			files = (
			);
			runOnlyForDeploymentPostprocessing = 0;
		};
/* End PBXHeadersBuildPhase section */

/* Begin PBXNativeTarget section */
		18EFE46D189EBA4900DA6A5D /* FBTweak */ = {
			isa = PBXNativeTarget;
			buildConfigurationList = 18EFE491189EBA4900DA6A5D /* Build configuration list for PBXNativeTarget "FBTweak" */;
			buildPhases = (
				18EFE46A189EBA4900DA6A5D /* Sources */,
				18EFE46B189EBA4900DA6A5D /* Frameworks */,
				18EFE497189EBA5A00DA6A5D /* Headers */,
			);
			buildRules = (
			);
			dependencies = (
			);
			name = FBTweak;
			productName = FBTweak;
			productReference = 18EFE46E189EBA4900DA6A5D /* libFBTweak.a */;
			productType = "com.apple.product-type.library.static";
		};
		18EFE47D189EBA4900DA6A5D /* FBTweakTests */ = {
			isa = PBXNativeTarget;
			buildConfigurationList = 18EFE494189EBA4900DA6A5D /* Build configuration list for PBXNativeTarget "FBTweakTests" */;
			buildPhases = (
				18EFE47A189EBA4900DA6A5D /* Sources */,
				18EFE47B189EBA4900DA6A5D /* Frameworks */,
				18EFE47C189EBA4900DA6A5D /* Resources */,
			);
			buildRules = (
			);
			dependencies = (
				18EFE485189EBA4900DA6A5D /* PBXTargetDependency */,
			);
			name = FBTweakTests;
			productName = FBTweakTests;
			productReference = 18EFE47E189EBA4900DA6A5D /* FBTweakTests.xctest */;
			productType = "com.apple.product-type.bundle.unit-test";
		};
/* End PBXNativeTarget section */

/* Begin PBXProject section */
		18EFE466189EBA4900DA6A5D /* Project object */ = {
			isa = PBXProject;
			attributes = {
				LastUpgradeCheck = 0510;
				ORGANIZATIONNAME = Facebook;
			};
			buildConfigurationList = 18EFE469189EBA4900DA6A5D /* Build configuration list for PBXProject "FBTweak" */;
			compatibilityVersion = "Xcode 3.2";
			developmentRegion = English;
			hasScannedForEncodings = 0;
			knownRegions = (
				en,
			);
			mainGroup = 18EFE465189EBA4900DA6A5D;
			productRefGroup = 18EFE46F189EBA4900DA6A5D /* Products */;
			projectDirPath = "";
			projectRoot = "";
			targets = (
				18EFE46D189EBA4900DA6A5D /* FBTweak */,
				18EFE47D189EBA4900DA6A5D /* FBTweakTests */,
			);
		};
/* End PBXProject section */

/* Begin PBXResourcesBuildPhase section */
		18EFE47C189EBA4900DA6A5D /* Resources */ = {
			isa = PBXResourcesBuildPhase;
			buildActionMask = 2147483647;
			files = (
				18EFE48C189EBA4900DA6A5D /* InfoPlist.strings in Resources */,
			);
			runOnlyForDeploymentPostprocessing = 0;
		};
/* End PBXResourcesBuildPhase section */

/* Begin PBXSourcesBuildPhase section */
		18EFE46A189EBA4900DA6A5D /* Sources */ = {
			isa = PBXSourcesBuildPhase;
			buildActionMask = 2147483647;
			files = (
			);
			runOnlyForDeploymentPostprocessing = 0;
		};
		18EFE47A189EBA4900DA6A5D /* Sources */ = {
			isa = PBXSourcesBuildPhase;
			buildActionMask = 2147483647;
			files = (
				18EFE52D189F250700DA6A5D /* FBTweakInlineTestsMRR.m in Sources */,
				A3767D0019BF04C100ABAB8C /* FBTweakCategory.m in Sources */,
				A3767D0919BF04C100ABAB8C /* FBSelectValueTweak.m in Sources */,
				A3767D0119BF04C100ABAB8C /* FBTweakCollection.m in Sources */,
				A3767D1619BF04C100ABAB8C /* _FBTweakTableViewUnsupportedCell.m in Sources */,
				A3767CFF19BF04C100ABAB8C /* _FBTweakBindObserver.m in Sources */,
				A3767D0A19BF04C100ABAB8C /* FBTweak.m in Sources */,
				A3767D1219BF04C100ABAB8C /* _FBTweakTableViewIntegerCell.m in Sources */,
				A3767D1419BF04C100ABAB8C /* _FBTweakTableViewSelectAmongManyValuesCell.m in Sources */,
				A3767D0B19BF04C100ABAB8C /* _FBTweakCategoryViewController.m in Sources */,
				A3767D0319BF04C100ABAB8C /* FBActionTweak.m in Sources */,
				A3767D0F19BF04C100ABAB8C /* _FBTweakTableViewCell.m in Sources */,
				A3767D1119BF04C100ABAB8C /* _FBTweakTableViewDoubleCell.m in Sources */,
				A3767D0D19BF04C100ABAB8C /* _FBTweakTableViewActionCell.m in Sources */,
				A3767D0E19BF04C100ABAB8C /* _FBTweakTableViewBoolCell.m in Sources */,
				A3767D1719BF04C100ABAB8C /* FBTweakShakeWindow.m in Sources */,
				A3767D0C19BF04C100ABAB8C /* _FBTweakCollectionViewController.m in Sources */,
				A3767D0719BF04C100ABAB8C /* FBIntegerTweak.m in Sources */,
				A3767D1819BF04C100ABAB8C /* FBTweakViewController.m in Sources */,
				A3767D0419BF04C100ABAB8C /* FBBoolTweak.m in Sources */,
				A3767D1319BF04C100ABAB8C /* _FBTweakTableViewSelectAmongFewValuesCell.m in Sources */,
				A3767D0519BF04C100ABAB8C /* FBColorTweak.m in Sources */,
				A3767CFE19BF04C100ABAB8C /* _FBTweakCompilerMagic.m in Sources */,
				A3767D0819BF04C100ABAB8C /* FBObjectTweak.m in Sources */,
				18EFE4D2189ECF2000DA6A5D /* FBTweakInlineTestsARC.m in Sources */,
				A3767D0619BF04C100ABAB8C /* FBDoubleTweak.m in Sources */,
				A3767D1519BF04C100ABAB8C /* _FBTweakTableViewStringCell.m in Sources */,
				A3767D1019BF04C100ABAB8C /* _FBTweakTableViewColorCell.m in Sources */,
				A3767D0219BF04C100ABAB8C /* FBTweakStore.m in Sources */,
			);
			runOnlyForDeploymentPostprocessing = 0;
		};
/* End PBXSourcesBuildPhase section */

/* Begin PBXTargetDependency section */
		18EFE485189EBA4900DA6A5D /* PBXTargetDependency */ = {
			isa = PBXTargetDependency;
			target = 18EFE46D189EBA4900DA6A5D /* FBTweak */;
			targetProxy = 18EFE484189EBA4900DA6A5D /* PBXContainerItemProxy */;
		};
/* End PBXTargetDependency section */

/* Begin PBXVariantGroup section */
		18EFE48A189EBA4900DA6A5D /* InfoPlist.strings */ = {
			isa = PBXVariantGroup;
			children = (
				18EFE48B189EBA4900DA6A5D /* en */,
			);
			name = InfoPlist.strings;
			sourceTree = "<group>";
		};
/* End PBXVariantGroup section */

/* Begin XCBuildConfiguration section */
		18EFE48F189EBA4900DA6A5D /* Debug */ = {
			isa = XCBuildConfiguration;
			buildSettings = {
				ALWAYS_SEARCH_USER_PATHS = NO;
				CLANG_CXX_LANGUAGE_STANDARD = "gnu++0x";
				CLANG_CXX_LIBRARY = "libc++";
				CLANG_ENABLE_MODULES = YES;
				CLANG_ENABLE_OBJC_ARC = YES;
				CLANG_WARN_BOOL_CONVERSION = YES;
				CLANG_WARN_CONSTANT_CONVERSION = YES;
				CLANG_WARN_DIRECT_OBJC_ISA_USAGE = YES_ERROR;
				CLANG_WARN_EMPTY_BODY = YES;
				CLANG_WARN_ENUM_CONVERSION = YES;
				CLANG_WARN_INT_CONVERSION = YES;
				CLANG_WARN_OBJC_ROOT_CLASS = YES_ERROR;
				CLANG_WARN__DUPLICATE_METHOD_MATCH = YES;
				COPY_PHASE_STRIP = NO;
				GCC_C_LANGUAGE_STANDARD = gnu99;
				GCC_DYNAMIC_NO_PIC = NO;
				GCC_OPTIMIZATION_LEVEL = 0;
				GCC_PREPROCESSOR_DEFINITIONS = (
					"DEBUG=1",
					"$(inherited)",
				);
				GCC_SYMBOLS_PRIVATE_EXTERN = NO;
				GCC_WARN_64_TO_32_BIT_CONVERSION = YES;
				GCC_WARN_ABOUT_RETURN_TYPE = YES_ERROR;
				GCC_WARN_UNDECLARED_SELECTOR = YES;
				GCC_WARN_UNINITIALIZED_AUTOS = YES;
				GCC_WARN_UNUSED_FUNCTION = YES;
				GCC_WARN_UNUSED_VARIABLE = YES;
				INSTALL_PATH = "$(SYMROOT)/Headers";
				IPHONEOS_DEPLOYMENT_TARGET = 7.0;
				ONLY_ACTIVE_ARCH = YES;
				PUBLIC_HEADERS_FOLDER_PATH = "../Headers/$(TARGET_NAME)";
				SDKROOT = iphoneos;
				SKIP_INSTALL = YES;
			};
			name = Debug;
		};
		18EFE490189EBA4900DA6A5D /* Release */ = {
			isa = XCBuildConfiguration;
			buildSettings = {
				ALWAYS_SEARCH_USER_PATHS = NO;
				CLANG_CXX_LANGUAGE_STANDARD = "gnu++0x";
				CLANG_CXX_LIBRARY = "libc++";
				CLANG_ENABLE_MODULES = YES;
				CLANG_ENABLE_OBJC_ARC = YES;
				CLANG_WARN_BOOL_CONVERSION = YES;
				CLANG_WARN_CONSTANT_CONVERSION = YES;
				CLANG_WARN_DIRECT_OBJC_ISA_USAGE = YES_ERROR;
				CLANG_WARN_EMPTY_BODY = YES;
				CLANG_WARN_ENUM_CONVERSION = YES;
				CLANG_WARN_INT_CONVERSION = YES;
				CLANG_WARN_OBJC_ROOT_CLASS = YES_ERROR;
				CLANG_WARN__DUPLICATE_METHOD_MATCH = YES;
				COPY_PHASE_STRIP = YES;
				ENABLE_NS_ASSERTIONS = NO;
				GCC_C_LANGUAGE_STANDARD = gnu99;
				GCC_WARN_64_TO_32_BIT_CONVERSION = YES;
				GCC_WARN_ABOUT_RETURN_TYPE = YES_ERROR;
				GCC_WARN_UNDECLARED_SELECTOR = YES;
				GCC_WARN_UNINITIALIZED_AUTOS = YES;
				GCC_WARN_UNUSED_FUNCTION = YES;
				GCC_WARN_UNUSED_VARIABLE = YES;
				INSTALL_PATH = "$(SYMROOT)/Headers";
				IPHONEOS_DEPLOYMENT_TARGET = 7.0;
				PUBLIC_HEADERS_FOLDER_PATH = "../Headers/$(TARGET_NAME)";
				SDKROOT = iphoneos;
				SKIP_INSTALL = YES;
				VALIDATE_PRODUCT = YES;
			};
			name = Release;
		};
		18EFE492189EBA4900DA6A5D /* Debug */ = {
			isa = XCBuildConfiguration;
			buildSettings = {
				DSTROOT = /tmp/FBTweak.dst;
				GCC_PRECOMPILE_PREFIX_HEADER = YES;
				GCC_PREFIX_HEADER = "FBTweak/FBTweak-Prefix.pch";
				OTHER_LDFLAGS = "-ObjC";
				PRODUCT_NAME = "$(TARGET_NAME)";
				SKIP_INSTALL = YES;
			};
			name = Debug;
		};
		18EFE493189EBA4900DA6A5D /* Release */ = {
			isa = XCBuildConfiguration;
			buildSettings = {
				DSTROOT = /tmp/FBTweak.dst;
				GCC_PRECOMPILE_PREFIX_HEADER = YES;
				GCC_PREFIX_HEADER = "FBTweak/FBTweak-Prefix.pch";
				OTHER_LDFLAGS = "-ObjC";
				PRODUCT_NAME = "$(TARGET_NAME)";
				SKIP_INSTALL = YES;
			};
			name = Release;
		};
		18EFE495189EBA4900DA6A5D /* Debug */ = {
			isa = XCBuildConfiguration;
			buildSettings = {
				FRAMEWORK_SEARCH_PATHS = (
					"$(SDKROOT)/Developer/Library/Frameworks",
					"$(inherited)",
					"$(DEVELOPER_FRAMEWORKS_DIR)",
				);
				GCC_PRECOMPILE_PREFIX_HEADER = YES;
				GCC_PREFIX_HEADER = "FBTweak/FBTweak-Prefix.pch";
				GCC_PREPROCESSOR_DEFINITIONS = (
					"DEBUG=1",
					"$(inherited)",
				);
				INFOPLIST_FILE = "FBTweakTests/FBTweakTests-Info.plist";
				PRODUCT_NAME = "$(TARGET_NAME)";
				WRAPPER_EXTENSION = xctest;
			};
			name = Debug;
		};
		18EFE496189EBA4900DA6A5D /* Release */ = {
			isa = XCBuildConfiguration;
			buildSettings = {
				FRAMEWORK_SEARCH_PATHS = (
					"$(SDKROOT)/Developer/Library/Frameworks",
					"$(inherited)",
					"$(DEVELOPER_FRAMEWORKS_DIR)",
				);
				GCC_PRECOMPILE_PREFIX_HEADER = YES;
				GCC_PREFIX_HEADER = "FBTweak/FBTweak-Prefix.pch";
				INFOPLIST_FILE = "FBTweakTests/FBTweakTests-Info.plist";
				PRODUCT_NAME = "$(TARGET_NAME)";
				WRAPPER_EXTENSION = xctest;
			};
			name = Release;
		};
/* End XCBuildConfiguration section */

/* Begin XCConfigurationList section */
		18EFE469189EBA4900DA6A5D /* Build configuration list for PBXProject "FBTweak" */ = {
			isa = XCConfigurationList;
			buildConfigurations = (
				18EFE48F189EBA4900DA6A5D /* Debug */,
				18EFE490189EBA4900DA6A5D /* Release */,
			);
			defaultConfigurationIsVisible = 0;
			defaultConfigurationName = Release;
		};
		18EFE491189EBA4900DA6A5D /* Build configuration list for PBXNativeTarget "FBTweak" */ = {
			isa = XCConfigurationList;
			buildConfigurations = (
				18EFE492189EBA4900DA6A5D /* Debug */,
				18EFE493189EBA4900DA6A5D /* Release */,
			);
			defaultConfigurationIsVisible = 0;
			defaultConfigurationName = Release;
		};
		18EFE494189EBA4900DA6A5D /* Build configuration list for PBXNativeTarget "FBTweakTests" */ = {
			isa = XCConfigurationList;
			buildConfigurations = (
				18EFE495189EBA4900DA6A5D /* Debug */,
				18EFE496189EBA4900DA6A5D /* Release */,
			);
			defaultConfigurationIsVisible = 0;
			defaultConfigurationName = Release;
		};
/* End XCConfigurationList section */
	};
	rootObject = 18EFE466189EBA4900DA6A5D /* Project object */;
}
